// !$*UTF8*$!
{
	archiveVersion = 1;
	classes = {
	};
	objectVersion = 50;
	objects = {

/* Begin PBXBuildFile section */
		A22BDDDF21C44A7C00D36DF9 /* AppDelegate.swift in Sources */ = {isa = PBXBuildFile; fileRef = A22BDDDE21C44A7C00D36DF9 /* AppDelegate.swift */; };
		A22BDDE121C44A7C00D36DF9 /* ViewController.swift in Sources */ = {isa = PBXBuildFile; fileRef = A22BDDE021C44A7C00D36DF9 /* ViewController.swift */; };
		A22BDDE421C44A7C00D36DF9 /* Main.storyboard in Resources */ = {isa = PBXBuildFile; fileRef = A22BDDE221C44A7C00D36DF9 /* Main.storyboard */; };
		A22BDDE621C44A7D00D36DF9 /* Assets.xcassets in Resources */ = {isa = PBXBuildFile; fileRef = A22BDDE521C44A7D00D36DF9 /* Assets.xcassets */; };
		A22BDDE921C44A7D00D36DF9 /* LaunchScreen.storyboard in Resources */ = {isa = PBXBuildFile; fileRef = A22BDDE721C44A7D00D36DF9 /* LaunchScreen.storyboard */; };
		A22BDDF421C44A7D00D36DF9 /* ConcentrationTests.swift in Sources */ = {isa = PBXBuildFile; fileRef = A22BDDF321C44A7D00D36DF9 /* ConcentrationTests.swift */; };
		A22BDDFF21C44A7D00D36DF9 /* ConcentrationUITests.swift in Sources */ = {isa = PBXBuildFile; fileRef = A22BDDFE21C44A7D00D36DF9 /* ConcentrationUITests.swift */; };
/* End PBXBuildFile section */

/* Begin PBXContainerItemProxy section */
		A22BDDF021C44A7D00D36DF9 /* PBXContainerItemProxy */ = {
			isa = PBXContainerItemProxy;
			containerPortal = A22BDDD321C44A7C00D36DF9 /* Project object */;
			proxyType = 1;
			remoteGlobalIDString = A22BDDDA21C44A7C00D36DF9;
			remoteInfo = Concentration;
		};
		A22BDDFB21C44A7D00D36DF9 /* PBXContainerItemProxy */ = {
			isa = PBXContainerItemProxy;
			containerPortal = A22BDDD321C44A7C00D36DF9 /* Project object */;
			proxyType = 1;
			remoteGlobalIDString = A22BDDDA21C44A7C00D36DF9;
			remoteInfo = Concentration;
		};
/* End PBXContainerItemProxy section */

/* Begin PBXFileReference section */
		A22BDDDB21C44A7C00D36DF9 /* Concentration.app */ = {isa = PBXFileReference; explicitFileType = wrapper.application; includeInIndex = 0; path = Concentration.app; sourceTree = BUILT_PRODUCTS_DIR; };
		A22BDDDE21C44A7C00D36DF9 /* AppDelegate.swift */ = {isa = PBXFileReference; lastKnownFileType = sourcecode.swift; path = AppDelegate.swift; sourceTree = "<group>"; };
		A22BDDE021C44A7C00D36DF9 /* ViewController.swift */ = {isa = PBXFileReference; lastKnownFileType = sourcecode.swift; path = ViewController.swift; sourceTree = "<group>"; };
		A22BDDE321C44A7C00D36DF9 /* Base */ = {isa = PBXFileReference; lastKnownFileType = file.storyboard; name = Base; path = Base.lproj/Main.storyboard; sourceTree = "<group>"; };
		A22BDDE521C44A7D00D36DF9 /* Assets.xcassets */ = {isa = PBXFileReference; lastKnownFileType = folder.assetcatalog; path = Assets.xcassets; sourceTree = "<group>"; };
		A22BDDE821C44A7D00D36DF9 /* Base */ = {isa = PBXFileReference; lastKnownFileType = file.storyboard; name = Base; path = Base.lproj/LaunchScreen.storyboard; sourceTree = "<group>"; };
		A22BDDEA21C44A7D00D36DF9 /* Info.plist */ = {isa = PBXFileReference; lastKnownFileType = text.plist.xml; path = Info.plist; sourceTree = "<group>"; };
		A22BDDEF21C44A7D00D36DF9 /* ConcentrationTests.xctest */ = {isa = PBXFileReference; explicitFileType = wrapper.cfbundle; includeInIndex = 0; path = ConcentrationTests.xctest; sourceTree = BUILT_PRODUCTS_DIR; };
		A22BDDF321C44A7D00D36DF9 /* ConcentrationTests.swift */ = {isa = PBXFileReference; lastKnownFileType = sourcecode.swift; path = ConcentrationTests.swift; sourceTree = "<group>"; };
		A22BDDF521C44A7D00D36DF9 /* Info.plist */ = {isa = PBXFileReference; lastKnownFileType = text.plist.xml; path = Info.plist; sourceTree = "<group>"; };
		A22BDDFA21C44A7D00D36DF9 /* ConcentrationUITests.xctest */ = {isa = PBXFileReference; explicitFileType = wrapper.cfbundle; includeInIndex = 0; path = ConcentrationUITests.xctest; sourceTree = BUILT_PRODUCTS_DIR; };
		A22BDDFE21C44A7D00D36DF9 /* ConcentrationUITests.swift */ = {isa = PBXFileReference; lastKnownFileType = sourcecode.swift; path = ConcentrationUITests.swift; sourceTree = "<group>"; };
		A22BDE0021C44A7D00D36DF9 /* Info.plist */ = {isa = PBXFileReference; lastKnownFileType = text.plist.xml; path = Info.plist; sourceTree = "<group>"; };
/* End PBXFileReference section */

/* Begin PBXFrameworksBuildPhase section */
		A22BDDD821C44A7C00D36DF9 /* Frameworks */ = {
			isa = PBXFrameworksBuildPhase;
			buildActionMask = 2147483647;
			files = (
			);
			runOnlyForDeploymentPostprocessing = 0;
		};
		A22BDDEC21C44A7D00D36DF9 /* Frameworks */ = {
			isa = PBXFrameworksBuildPhase;
			buildActionMask = 2147483647;
			files = (
			);
			runOnlyForDeploymentPostprocessing = 0;
		};
		A22BDDF721C44A7D00D36DF9 /* Frameworks */ = {
			isa = PBXFrameworksBuildPhase;
			buildActionMask = 2147483647;
			files = (
			);
			runOnlyForDeploymentPostprocessing = 0;
		};
/* End PBXFrameworksBuildPhase section */

/* Begin PBXGroup section */
		A22BDDD221C44A7C00D36DF9 = {
			isa = PBXGroup;
			children = (
				A22BDDDD21C44A7C00D36DF9 /* Concentration */,
				A22BDDF221C44A7D00D36DF9 /* ConcentrationTests */,
				A22BDDFD21C44A7D00D36DF9 /* ConcentrationUITests */,
				A22BDDDC21C44A7C00D36DF9 /* Products */,
			);
			sourceTree = "<group>";
		};
		A22BDDDC21C44A7C00D36DF9 /* Products */ = {
			isa = PBXGroup;
			children = (
				A22BDDDB21C44A7C00D36DF9 /* Concentration.app */,
				A22BDDEF21C44A7D00D36DF9 /* ConcentrationTests.xctest */,
				A22BDDFA21C44A7D00D36DF9 /* ConcentrationUITests.xctest */,
			);
			name = Products;
			sourceTree = "<group>";
		};
		A22BDDDD21C44A7C00D36DF9 /* Concentration */ = {
			isa = PBXGroup;
			children = (
				A22BDDDE21C44A7C00D36DF9 /* AppDelegate.swift */,
				A22BDDE021C44A7C00D36DF9 /* ViewController.swift */,
				A22BDDE221C44A7C00D36DF9 /* Main.storyboard */,
				A22BDDE521C44A7D00D36DF9 /* Assets.xcassets */,
				A22BDDE721C44A7D00D36DF9 /* LaunchScreen.storyboard */,
				A22BDDEA21C44A7D00D36DF9 /* Info.plist */,
			);
			path = Concentration;
			sourceTree = "<group>";
		};
		A22BDDF221C44A7D00D36DF9 /* ConcentrationTests */ = {
			isa = PBXGroup;
			children = (
				A22BDDF321C44A7D00D36DF9 /* ConcentrationTests.swift */,
				A22BDDF521C44A7D00D36DF9 /* Info.plist */,
			);
			path = ConcentrationTests;
			sourceTree = "<group>";
		};
		A22BDDFD21C44A7D00D36DF9 /* ConcentrationUITests */ = {
			isa = PBXGroup;
			children = (
				A22BDDFE21C44A7D00D36DF9 /* ConcentrationUITests.swift */,
				A22BDE0021C44A7D00D36DF9 /* Info.plist */,
			);
			path = ConcentrationUITests;
			sourceTree = "<group>";
		};
/* End PBXGroup section */

/* Begin PBXNativeTarget section */
		A22BDDDA21C44A7C00D36DF9 /* Concentration */ = {
			isa = PBXNativeTarget;
			buildConfigurationList = A22BDE0321C44A7D00D36DF9 /* Build configuration list for PBXNativeTarget "Concentration" */;
			buildPhases = (
				A22BDDD721C44A7C00D36DF9 /* Sources */,
				A22BDDD821C44A7C00D36DF9 /* Frameworks */,
				A22BDDD921C44A7C00D36DF9 /* Resources */,
			);
			buildRules = (
			);
			dependencies = (
			);
			name = Concentration;
			productName = Concentration;
			productReference = A22BDDDB21C44A7C00D36DF9 /* Concentration.app */;
			productType = "com.apple.product-type.application";
		};
		A22BDDEE21C44A7D00D36DF9 /* ConcentrationTests */ = {
			isa = PBXNativeTarget;
			buildConfigurationList = A22BDE0621C44A7D00D36DF9 /* Build configuration list for PBXNativeTarget "ConcentrationTests" */;
			buildPhases = (
				A22BDDEB21C44A7D00D36DF9 /* Sources */,
				A22BDDEC21C44A7D00D36DF9 /* Frameworks */,
				A22BDDED21C44A7D00D36DF9 /* Resources */,
			);
			buildRules = (
			);
			dependencies = (
				A22BDDF121C44A7D00D36DF9 /* PBXTargetDependency */,
			);
			name = ConcentrationTests;
			productName = ConcentrationTests;
			productReference = A22BDDEF21C44A7D00D36DF9 /* ConcentrationTests.xctest */;
			productType = "com.apple.product-type.bundle.unit-test";
		};
		A22BDDF921C44A7D00D36DF9 /* ConcentrationUITests */ = {
			isa = PBXNativeTarget;
			buildConfigurationList = A22BDE0921C44A7D00D36DF9 /* Build configuration list for PBXNativeTarget "ConcentrationUITests" */;
			buildPhases = (
				A22BDDF621C44A7D00D36DF9 /* Sources */,
				A22BDDF721C44A7D00D36DF9 /* Frameworks */,
				A22BDDF821C44A7D00D36DF9 /* Resources */,
			);
			buildRules = (
			);
			dependencies = (
				A22BDDFC21C44A7D00D36DF9 /* PBXTargetDependency */,
			);
			name = ConcentrationUITests;
			productName = ConcentrationUITests;
			productReference = A22BDDFA21C44A7D00D36DF9 /* ConcentrationUITests.xctest */;
			productType = "com.apple.product-type.bundle.ui-testing";
		};
/* End PBXNativeTarget section */

/* Begin PBXProject section */
		A22BDDD321C44A7C00D36DF9 /* Project object */ = {
			isa = PBXProject;
			attributes = {
				LastSwiftUpdateCheck = 1010;
				LastUpgradeCheck = 1010;
				ORGANIZATIONNAME = "Darko Mijatovic";
				TargetAttributes = {
					A22BDDDA21C44A7C00D36DF9 = {
						CreatedOnToolsVersion = 10.1;
					};
					A22BDDEE21C44A7D00D36DF9 = {
						CreatedOnToolsVersion = 10.1;
						TestTargetID = A22BDDDA21C44A7C00D36DF9;
					};
					A22BDDF921C44A7D00D36DF9 = {
						CreatedOnToolsVersion = 10.1;
						TestTargetID = A22BDDDA21C44A7C00D36DF9;
					};
				};
			};
			buildConfigurationList = A22BDDD621C44A7C00D36DF9 /* Build configuration list for PBXProject "Concentration" */;
			compatibilityVersion = "Xcode 9.3";
			developmentRegion = en;
			hasScannedForEncodings = 0;
			knownRegions = (
				en,
				Base,
			);
			mainGroup = A22BDDD221C44A7C00D36DF9;
			productRefGroup = A22BDDDC21C44A7C00D36DF9 /* Products */;
			projectDirPath = "";
			projectRoot = "";
			targets = (
				A22BDDDA21C44A7C00D36DF9 /* Concentration */,
				A22BDDEE21C44A7D00D36DF9 /* ConcentrationTests */,
				A22BDDF921C44A7D00D36DF9 /* ConcentrationUITests */,
			);
		};
/* End PBXProject section */

/* Begin PBXResourcesBuildPhase section */
		A22BDDD921C44A7C00D36DF9 /* Resources */ = {
			isa = PBXResourcesBuildPhase;
			buildActionMask = 2147483647;
			files = (
				A22BDDE921C44A7D00D36DF9 /* LaunchScreen.storyboard in Resources */,
				A22BDDE621C44A7D00D36DF9 /* Assets.xcassets in Resources */,
				A22BDDE421C44A7C00D36DF9 /* Main.storyboard in Resources */,
			);
			runOnlyForDeploymentPostprocessing = 0;
		};
		A22BDDED21C44A7D00D36DF9 /* Resources */ = {
			isa = PBXResourcesBuildPhase;
			buildActionMask = 2147483647;
			files = (
			);
			runOnlyForDeploymentPostprocessing = 0;
		};
		A22BDDF821C44A7D00D36DF9 /* Resources */ = {
			isa = PBXResourcesBuildPhase;
			buildActionMask = 2147483647;
			files = (
			);
			runOnlyForDeploymentPostprocessing = 0;
		};
/* End PBXResourcesBuildPhase section */

/* Begin PBXSourcesBuildPhase section */
		A22BDDD721C44A7C00D36DF9 /* Sources */ = {
			isa = PBXSourcesBuildPhase;
			buildActionMask = 2147483647;
			files = (
				A22BDDE121C44A7C00D36DF9 /* ViewController.swift in Sources */,
				A22BDDDF21C44A7C00D36DF9 /* AppDelegate.swift in Sources */,
			);
			runOnlyForDeploymentPostprocessing = 0;
		};
		A22BDDEB21C44A7D00D36DF9 /* Sources */ = {
			isa = PBXSourcesBuildPhase;
			buildActionMask = 2147483647;
			files = (
				A22BDDF421C44A7D00D36DF9 /* ConcentrationTests.swift in Sources */,
			);
			runOnlyForDeploymentPostprocessing = 0;
		};
		A22BDDF621C44A7D00D36DF9 /* Sources */ = {
			isa = PBXSourcesBuildPhase;
			buildActionMask = 2147483647;
			files = (
				A22BDDFF21C44A7D00D36DF9 /* ConcentrationUITests.swift in Sources */,
			);
			runOnlyForDeploymentPostprocessing = 0;
		};
/* End PBXSourcesBuildPhase section */

/* Begin PBXTargetDependency section */
		A22BDDF121C44A7D00D36DF9 /* PBXTargetDependency */ = {
			isa = PBXTargetDependency;
			target = A22BDDDA21C44A7C00D36DF9 /* Concentration */;
			targetProxy = A22BDDF021C44A7D00D36DF9 /* PBXContainerItemProxy */;
		};
		A22BDDFC21C44A7D00D36DF9 /* PBXTargetDependency */ = {
			isa = PBXTargetDependency;
			target = A22BDDDA21C44A7C00D36DF9 /* Concentration */;
			targetProxy = A22BDDFB21C44A7D00D36DF9 /* PBXContainerItemProxy */;
		};
/* End PBXTargetDependency section */

/* Begin PBXVariantGroup section */
		A22BDDE221C44A7C00D36DF9 /* Main.storyboard */ = {
			isa = PBXVariantGroup;
			children = (
				A22BDDE321C44A7C00D36DF9 /* Base */,
			);
			name = Main.storyboard;
			sourceTree = "<group>";
		};
		A22BDDE721C44A7D00D36DF9 /* LaunchScreen.storyboard */ = {
			isa = PBXVariantGroup;
			children = (
				A22BDDE821C44A7D00D36DF9 /* Base */,
			);
			name = LaunchScreen.storyboard;
			sourceTree = "<group>";
		};
/* End PBXVariantGroup section */

/* Begin XCBuildConfiguration section */
		A22BDE0121C44A7D00D36DF9 /* Debug */ = {
			isa = XCBuildConfiguration;
			buildSettings = {
				ALWAYS_SEARCH_USER_PATHS = NO;
				CLANG_ANALYZER_NONNULL = YES;
				CLANG_ANALYZER_NUMBER_OBJECT_CONVERSION = YES_AGGRESSIVE;
				CLANG_CXX_LANGUAGE_STANDARD = "gnu++14";
				CLANG_CXX_LIBRARY = "libc++";
				CLANG_ENABLE_MODULES = YES;
				CLANG_ENABLE_OBJC_ARC = YES;
				CLANG_ENABLE_OBJC_WEAK = YES;
				CLANG_WARN_BLOCK_CAPTURE_AUTORELEASING = YES;
				CLANG_WARN_BOOL_CONVERSION = YES;
				CLANG_WARN_COMMA = YES;
				CLANG_WARN_CONSTANT_CONVERSION = YES;
				CLANG_WARN_DEPRECATED_OBJC_IMPLEMENTATIONS = YES;
				CLANG_WARN_DIRECT_OBJC_ISA_USAGE = YES_ERROR;
				CLANG_WARN_DOCUMENTATION_COMMENTS = YES;
				CLANG_WARN_EMPTY_BODY = YES;
				CLANG_WARN_ENUM_CONVERSION = YES;
				CLANG_WARN_INFINITE_RECURSION = YES;
				CLANG_WARN_INT_CONVERSION = YES;
				CLANG_WARN_NON_LITERAL_NULL_CONVERSION = YES;
				CLANG_WARN_OBJC_IMPLICIT_RETAIN_SELF = YES;
				CLANG_WARN_OBJC_LITERAL_CONVERSION = YES;
				CLANG_WARN_OBJC_ROOT_CLASS = YES_ERROR;
				CLANG_WARN_RANGE_LOOP_ANALYSIS = YES;
				CLANG_WARN_STRICT_PROTOTYPES = YES;
				CLANG_WARN_SUSPICIOUS_MOVE = YES;
				CLANG_WARN_UNGUARDED_AVAILABILITY = YES_AGGRESSIVE;
				CLANG_WARN_UNREACHABLE_CODE = YES;
				CLANG_WARN__DUPLICATE_METHOD_MATCH = YES;
				CODE_SIGN_IDENTITY = "iPhone Developer";
				COPY_PHASE_STRIP = NO;
				DEBUG_INFORMATION_FORMAT = dwarf;
				ENABLE_STRICT_OBJC_MSGSEND = YES;
				ENABLE_TESTABILITY = YES;
				GCC_C_LANGUAGE_STANDARD = gnu11;
				GCC_DYNAMIC_NO_PIC = NO;
				GCC_NO_COMMON_BLOCKS = YES;
				GCC_OPTIMIZATION_LEVEL = 0;
				GCC_PREPROCESSOR_DEFINITIONS = (
					"DEBUG=1",
					"$(inherited)",
				);
				GCC_WARN_64_TO_32_BIT_CONVERSION = YES;
				GCC_WARN_ABOUT_RETURN_TYPE = YES_ERROR;
				GCC_WARN_UNDECLARED_SELECTOR = YES;
				GCC_WARN_UNINITIALIZED_AUTOS = YES_AGGRESSIVE;
				GCC_WARN_UNUSED_FUNCTION = YES;
				GCC_WARN_UNUSED_VARIABLE = YES;
				IPHONEOS_DEPLOYMENT_TARGET = 12.1;
				MTL_ENABLE_DEBUG_INFO = INCLUDE_SOURCE;
				MTL_FAST_MATH = YES;
				ONLY_ACTIVE_ARCH = YES;
				SDKROOT = iphoneos;
				SWIFT_ACTIVE_COMPILATION_CONDITIONS = DEBUG;
				SWIFT_OPTIMIZATION_LEVEL = "-Onone";
			};
			name = Debug;
		};
		A22BDE0221C44A7D00D36DF9 /* Release */ = {
			isa = XCBuildConfiguration;
			buildSettings = {
				ALWAYS_SEARCH_USER_PATHS = NO;
				CLANG_ANALYZER_NONNULL = YES;
				CLANG_ANALYZER_NUMBER_OBJECT_CONVERSION = YES_AGGRESSIVE;
				CLANG_CXX_LANGUAGE_STANDARD = "gnu++14";
				CLANG_CXX_LIBRARY = "libc++";
				CLANG_ENABLE_MODULES = YES;
				CLANG_ENABLE_OBJC_ARC = YES;
				CLANG_ENABLE_OBJC_WEAK = YES;
				CLANG_WARN_BLOCK_CAPTURE_AUTORELEASING = YES;
				CLANG_WARN_BOOL_CONVERSION = YES;
				CLANG_WARN_COMMA = YES;
				CLANG_WARN_CONSTANT_CONVERSION = YES;
				CLANG_WARN_DEPRECATED_OBJC_IMPLEMENTATIONS = YES;
				CLANG_WARN_DIRECT_OBJC_ISA_USAGE = YES_ERROR;
				CLANG_WARN_DOCUMENTATION_COMMENTS = YES;
				CLANG_WARN_EMPTY_BODY = YES;
				CLANG_WARN_ENUM_CONVERSION = YES;
				CLANG_WARN_INFINITE_RECURSION = YES;
				CLANG_WARN_INT_CONVERSION = YES;
				CLANG_WARN_NON_LITERAL_NULL_CONVERSION = YES;
				CLANG_WARN_OBJC_IMPLICIT_RETAIN_SELF = YES;
				CLANG_WARN_OBJC_LITERAL_CONVERSION = YES;
				CLANG_WARN_OBJC_ROOT_CLASS = YES_ERROR;
				CLANG_WARN_RANGE_LOOP_ANALYSIS = YES;
				CLANG_WARN_STRICT_PROTOTYPES = YES;
				CLANG_WARN_SUSPICIOUS_MOVE = YES;
				CLANG_WARN_UNGUARDED_AVAILABILITY = YES_AGGRESSIVE;
				CLANG_WARN_UNREACHABLE_CODE = YES;
				CLANG_WARN__DUPLICATE_METHOD_MATCH = YES;
				CODE_SIGN_IDENTITY = "iPhone Developer";
				COPY_PHASE_STRIP = NO;
				DEBUG_INFORMATION_FORMAT = "dwarf-with-dsym";
				ENABLE_NS_ASSERTIONS = NO;
				ENABLE_STRICT_OBJC_MSGSEND = YES;
				GCC_C_LANGUAGE_STANDARD = gnu11;
				GCC_NO_COMMON_BLOCKS = YES;
				GCC_WARN_64_TO_32_BIT_CONVERSION = YES;
				GCC_WARN_ABOUT_RETURN_TYPE = YES_ERROR;
				GCC_WARN_UNDECLARED_SELECTOR = YES;
				GCC_WARN_UNINITIALIZED_AUTOS = YES_AGGRESSIVE;
				GCC_WARN_UNUSED_FUNCTION = YES;
				GCC_WARN_UNUSED_VARIABLE = YES;
				IPHONEOS_DEPLOYMENT_TARGET = 12.1;
				MTL_ENABLE_DEBUG_INFO = NO;
				MTL_FAST_MATH = YES;
				SDKROOT = iphoneos;
				SWIFT_COMPILATION_MODE = wholemodule;
				SWIFT_OPTIMIZATION_LEVEL = "-O";
				VALIDATE_PRODUCT = YES;
			};
			name = Release;
		};
		A22BDE0421C44A7D00D36DF9 /* Debug */ = {
			isa = XCBuildConfiguration;
			buildSettings = {
				ASSETCATALOG_COMPILER_APPICON_NAME = AppIcon;
				CODE_SIGN_STYLE = Automatic;
				INFOPLIST_FILE = Concentration/Info.plist;
				LD_RUNPATH_SEARCH_PATHS = (
					"$(inherited)",
					"@executable_path/Frameworks",
				);
				PRODUCT_BUNDLE_IDENTIFIER = com.bignerdranch.Concentration;
				PRODUCT_NAME = "$(TARGET_NAME)";
				SWIFT_VERSION = 4.2;
				TARGETED_DEVICE_FAMILY = "1,2";
			};
			name = Debug;
		};
		A22BDE0521C44A7D00D36DF9 /* Release */ = {
			isa = XCBuildConfiguration;
			buildSettings = {
				ASSETCATALOG_COMPILER_APPICON_NAME = AppIcon;
				CODE_SIGN_STYLE = Automatic;
				INFOPLIST_FILE = Concentration/Info.plist;
				LD_RUNPATH_SEARCH_PATHS = (
					"$(inherited)",
					"@executable_path/Frameworks",
				);
				PRODUCT_BUNDLE_IDENTIFIER = com.bignerdranch.Concentration;
				PRODUCT_NAME = "$(TARGET_NAME)";
				SWIFT_VERSION = 4.2;
				TARGETED_DEVICE_FAMILY = "1,2";
			};
			name = Release;
		};
		A22BDE0721C44A7D00D36DF9 /* Debug */ = {
			isa = XCBuildConfiguration;
			buildSettings = {
				ALWAYS_EMBED_SWIFT_STANDARD_LIBRARIES = YES;
				BUNDLE_LOADER = "$(TEST_HOST)";
				CODE_SIGN_STYLE = Automatic;
				INFOPLIST_FILE = ConcentrationTests/Info.plist;
				LD_RUNPATH_SEARCH_PATHS = (
					"$(inherited)",
					"@executable_path/Frameworks",
					"@loader_path/Frameworks",
				);
				PRODUCT_BUNDLE_IDENTIFIER = com.bignerdranch.ConcentrationTests;
				PRODUCT_NAME = "$(TARGET_NAME)";
				SWIFT_VERSION = 4.2;
				TARGETED_DEVICE_FAMILY = "1,2";
				TEST_HOST = "$(BUILT_PRODUCTS_DIR)/Concentration.app/Concentration";
			};
			name = Debug;
		};
		A22BDE0821C44A7D00D36DF9 /* Release */ = {
			isa = XCBuildConfiguration;
			buildSettings = {
				ALWAYS_EMBED_SWIFT_STANDARD_LIBRARIES = YES;
				BUNDLE_LOADER = "$(TEST_HOST)";
				CODE_SIGN_STYLE = Automatic;
				INFOPLIST_FILE = ConcentrationTests/Info.plist;
				LD_RUNPATH_SEARCH_PATHS = (
					"$(inherited)",
					"@executable_path/Frameworks",
					"@loader_path/Frameworks",
				);
				PRODUCT_BUNDLE_IDENTIFIER = com.bignerdranch.ConcentrationTests;
				PRODUCT_NAME = "$(TARGET_NAME)";
				SWIFT_VERSION = 4.2;
				TARGETED_DEVICE_FAMILY = "1,2";
				TEST_HOST = "$(BUILT_PRODUCTS_DIR)/Concentration.app/Concentration";
			};
			name = Release;
		};
		A22BDE0A21C44A7D00D36DF9 /* Debug */ = {
			isa = XCBuildConfiguration;
			buildSettings = {
				ALWAYS_EMBED_SWIFT_STANDARD_LIBRARIES = YES;
				CODE_SIGN_STYLE = Automatic;
				INFOPLIST_FILE = ConcentrationUITests/Info.plist;
				LD_RUNPATH_SEARCH_PATHS = (
					"$(inherited)",
					"@executable_path/Frameworks",
					"@loader_path/Frameworks",
				);
				PRODUCT_BUNDLE_IDENTIFIER = com.bignerdranch.ConcentrationUITests;
				PRODUCT_NAME = "$(TARGET_NAME)";
				SWIFT_VERSION = 4.2;
				TARGETED_DEVICE_FAMILY = "1,2";
				TEST_TARGET_NAME = Concentration;
			};
			name = Debug;
		};
		A22BDE0B21C44A7D00D36DF9 /* Release */ = {
			isa = XCBuildConfiguration;
			buildSettings = {
				ALWAYS_EMBED_SWIFT_STANDARD_LIBRARIES = YES;
				CODE_SIGN_STYLE = Automatic;
				INFOPLIST_FILE = ConcentrationUITests/Info.plist;
				LD_RUNPATH_SEARCH_PATHS = (
					"$(inherited)",
					"@executable_path/Frameworks",
					"@loader_path/Frameworks",
				);
				PRODUCT_BUNDLE_IDENTIFIER = com.bignerdranch.ConcentrationUITests;
				PRODUCT_NAME = "$(TARGET_NAME)";
				SWIFT_VERSION = 4.2;
				TARGETED_DEVICE_FAMILY = "1,2";
				TEST_TARGET_NAME = Concentration;
			};
			name = Release;
		};
/* End XCBuildConfiguration section */

/* Begin XCConfigurationList section */
		A22BDDD621C44A7C00D36DF9 /* Build configuration list for PBXProject "Concentration" */ = {
			isa = XCConfigurationList;
			buildConfigurations = (
				A22BDE0121C44A7D00D36DF9 /* Debug */,
				A22BDE0221C44A7D00D36DF9 /* Release */,
			);
			defaultConfigurationIsVisible = 0;
			defaultConfigurationName = Release;
		};
		A22BDE0321C44A7D00D36DF9 /* Build configuration list for PBXNativeTarget "Concentration" */ = {
			isa = XCConfigurationList;
			buildConfigurations = (
				A22BDE0421C44A7D00D36DF9 /* Debug */,
				A22BDE0521C44A7D00D36DF9 /* Release */,
			);
			defaultConfigurationIsVisible = 0;
			defaultConfigurationName = Release;
		};
		A22BDE0621C44A7D00D36DF9 /* Build configuration list for PBXNativeTarget "ConcentrationTests" */ = {
			isa = XCConfigurationList;
			buildConfigurations = (
				A22BDE0721C44A7D00D36DF9 /* Debug */,
				A22BDE0821C44A7D00D36DF9 /* Release */,
			);
			defaultConfigurationIsVisible = 0;
			defaultConfigurationName = Release;
		};
		A22BDE0921C44A7D00D36DF9 /* Build configuration list for PBXNativeTarget "ConcentrationUITests" */ = {
			isa = XCConfigurationList;
			buildConfigurations = (
				A22BDE0A21C44A7D00D36DF9 /* Debug */,
				A22BDE0B21C44A7D00D36DF9 /* Release */,
			);
			defaultConfigurationIsVisible = 0;
			defaultConfigurationName = Release;
		};
/* End XCConfigurationList section */
	};
	rootObject = A22BDDD321C44A7C00D36DF9 /* Project object */;
}
